
Microsoft Visual Studio Solution File, Format Version 12.00
# Visual Studio Version 17
VisualStudioVersion = 17.7.34024.191
MinimumVisualStudioVersion = 10.0.40219.1
Project("{9A19103F-16F7-4668-BE54-9A1E7A4F7556}") = "SwashbuckleMultiTarget", "SwashbuckleMultiTarget\SwashbuckleMultiTarget.csproj", "{981F275F-BC6F-4B83-B835-445D67618DFA}"
EndProject
Project("{9A19103F-16F7-4668-BE54-9A1E7A4F7556}") = "SwashbuckleSingleTarget", "SwashbuckleSingleTarget\SwashbuckleSingleTarget.csproj", "{29D7C030-BB3B-44D7-B04A-11A47D182671}"
EndProject
Global
	GlobalSection(SolutionConfigurationPlatforms) = preSolution
		Debug|Any CPU = Debug|Any CPU
		Release|Any CPU = Release|Any CPU
	EndGlobalSection
	GlobalSection(ProjectConfigurationPlatforms) = postSolution
		{981F275F-BC6F-4B83-B835-445D67618DFA}.Debug|Any CPU.ActiveCfg = Debug|Any CPU
		{981F275F-BC6F-4B83-B835-445D67618DFA}.Debug|Any CPU.Build.0 = Debug|Any CPU
		{981F275F-BC6F-4B83-B835-445D67618DFA}.Release|Any CPU.ActiveCfg = Release|Any CPU
		{981F275F-BC6F-4B83-B835-445D67618DFA}.Release|Any CPU.Build.0 = Release|Any CPU
		{29D7C030-BB3B-44D7-B04A-11A47D182671}.Debug|Any CPU.ActiveCfg = Debug|Any CPU
		{29D7C030-BB3B-44D7-B04A-11A47D182671}.Debug|Any CPU.Build.0 = Debug|Any CPU
		{29D7C030-BB3B-44D7-B04A-11A47D182671}.Release|Any CPU.ActiveCfg = Release|Any CPU
		{29D7C030-BB3B-44D7-B04A-11A47D182671}.Release|Any CPU.Build.0 = Release|Any CPU
	EndGlobalSection
	GlobalSection(SolutionProperties) = preSolution
		HideSolutionNode = FALSE
	EndGlobalSection
	GlobalSection(ExtensibilityGlobals) = postSolution
		SolutionGuid = {02E016EB-101F-41ED-AE12-9E430AD60988}
	EndGlobalSection
EndGlobal
